
Microsoft Visual Studio Solution File, Format Version 12.00
# Visual Studio 15
VisualStudioVersion = 15.0.28307.1231
MinimumVisualStudioVersion = 10.0.40219.1
Project("{FAE04EC0-301F-11D3-BF4B-00C04F79EFBC}") = "01forms", "01forms\01forms.csproj", "{AAE89163-EBB3-41E5-BFB2-9997EDB08D5A}"
EndProject
Global
	GlobalSection(SolutionConfigurationPlatforms) = preSolution
		Debug|Any CPU = Debug|Any CPU
		Release|Any CPU = Release|Any CPU
	EndGlobalSection
	GlobalSection(ProjectConfigurationPlatforms) = postSolution
		{AAE89163-EBB3-41E5-BFB2-9997EDB08D5A}.Debug|Any CPU.ActiveCfg = Debug|Any CPU
		{AAE89163-EBB3-41E5-BFB2-9997EDB08D5A}.Debug|Any CPU.Build.0 = Debug|Any CPU
		{AAE89163-EBB3-41E5-BFB2-9997EDB08D5A}.Release|Any CPU.ActiveCfg = Release|Any CPU
		{AAE89163-EBB3-41E5-BFB2-9997EDB08D5A}.Release|Any CPU.Build.0 = Release|Any CPU
	EndGlobalSection
	GlobalSection(SolutionProperties) = preSolution
		HideSolutionNode = FALSE
	EndGlobalSection
	GlobalSection(ExtensibilityGlobals) = postSolution
		SolutionGuid = {642BCF34-77A0-4B35-A2F0-6AF74431B77F}
	EndGlobalSection
EndGlobal
